
Microsoft Visual Studio Solution File, Format Version 12.00
# Visual Studio Version 17
VisualStudioVersion = 17.6.33723.286
MinimumVisualStudioVersion = 10.0.40219.1
Project("{FAE04EC0-301F-11D3-BF4B-00C04F79EFBC}") = "KR_Net10PrmSetting", "KR_Net10PrmSetting\KR_Net10PrmSetting.csproj", "{AFE3B771-4D89-4D16-B603-4E1D3D01A75C}"
EndProject
Global
	GlobalSection(SolutionConfigurationPlatforms) = preSolution
		Debug|Any CPU = Debug|Any CPU
		Release|Any CPU = Release|Any CPU
	EndGlobalSection
	GlobalSection(ProjectConfigurationPlatforms) = postSolution
		{AFE3B771-4D89-4D16-B603-4E1D3D01A75C}.Debug|Any CPU.ActiveCfg = Debug|Any CPU
		{AFE3B771-4D89-4D16-B603-4E1D3D01A75C}.Debug|Any CPU.Build.0 = Debug|Any CPU
		{AFE3B771-4D89-4D16-B603-4E1D3D01A75C}.Release|Any CPU.ActiveCfg = Release|Any CPU
		{AFE3B771-4D89-4D16-B603-4E1D3D01A75C}.Release|Any CPU.Build.0 = Release|Any CPU
	EndGlobalSection
	GlobalSection(SolutionProperties) = preSolution
		HideSolutionNode = FALSE
	EndGlobalSection
	GlobalSection(ExtensibilityGlobals) = postSolution
		SolutionGuid = {7D2BA871-9A92-4ED0-AC55-34CA18BAB4CA}
	EndGlobalSection
EndGlobal
